{
  "requires": true,
  "lockfileVersion": 1,
  "dependencies": {
    "@angular/core": {
      "version": "7.2.6",
      "resolved": "http://registry.npm.taobao.org/@angular/core/download/@angular/core-7.2.6.tgz",
      "integrity": "sha1-AUK7orCNa0mBHhLQTLUFhvnFofA=",
      "requires": {
        "tslib": "^1.9.0"
      }
    },
    "tslib": {
      "version": "1.9.3",
      "resolved": "http://registry.npm.taobao.org/tslib/download/tslib-1.9.3.tgz",
      "integrity": "sha1-1+TdeSRdhUKMTX5IIqeZF5VMooY="
    }
  }
}
